
Microsoft Visual Studio Solution File, Format Version 12.00
# Visual Studio Version 16
VisualStudioVersion = 16.0.28803.452
MinimumVisualStudioVersion = 10.0.40219.1
Project("{FAE04EC0-301F-11D3-BF4B-00C04F79EFBC}") = "RgrFmOldies.Android", "RgrFmOldies\RgrFmOldies.Android\RgrFmOldies.Android.csproj", "{86C8EF3F-BBE4-47C1-B0E1-37F9EBB56E13}"
EndProject
Project("{FAE04EC0-301F-11D3-BF4B-00C04F79EFBC}") = "RgrFmOldies.iOS", "RgrFmOldies\RgrFmOldies.iOS\RgrFmOldies.iOS.csproj", "{E77257B9-11AE-4856-8702-EFBDC92ACA54}"
EndProject
Project("{FAE04EC0-301F-11D3-BF4B-00C04F79EFBC}") = "RgrFmOldies.UWP", "RgrFmOldies\RgrFmOldies.UWP\RgrFmOldies.UWP.csproj", "{FF3A9350-2D8C-4232-98A1-88318A077057}"
EndProject
Project("{FAE04EC0-301F-11D3-BF4B-00C04F79EFBC}") = "RgrFm.Shared", "RgrFm.Shared\RgrFm.Shared.csproj", "{08D6648A-7216-4622-B221-BC2E597EA343}"
EndProject
Global
	GlobalSection(SolutionConfigurationPlatforms) = preSolution
		Debug|Any CPU = Debug|Any CPU
		Debug|ARM = Debug|ARM
		Debug|iPhone = Debug|iPhone
		Debug|iPhoneSimulator = Debug|iPhoneSimulator
		Debug|x64 = Debug|x64
		Debug|x86 = Debug|x86
		Release|Any CPU = Release|Any CPU
		Release|ARM = Release|ARM
		Release|iPhone = Release|iPhone
		Release|iPhoneSimulator = Release|iPhoneSimulator
		Release|x64 = Release|x64
		Release|x86 = Release|x86
	EndGlobalSection
	GlobalSection(ProjectConfigurationPlatforms) = postSolution
		{86C8EF3F-BBE4-47C1-B0E1-37F9EBB56E13}.Debug|Any CPU.ActiveCfg = Debug|Any CPU
		{86C8EF3F-BBE4-47C1-B0E1-37F9EBB56E13}.Debug|Any CPU.Build.0 = Debug|Any CPU
		{86C8EF3F-BBE4-47C1-B0E1-37F9EBB56E13}.Debug|Any CPU.Deploy.0 = Debug|Any CPU
		{86C8EF3F-BBE4-47C1-B0E1-37F9EBB56E13}.Debug|ARM.ActiveCfg = Debug|Any CPU
		{86C8EF3F-BBE4-47C1-B0E1-37F9EBB56E13}.Debug|ARM.Build.0 = Debug|Any CPU
		{86C8EF3F-BBE4-47C1-B0E1-37F9EBB56E13}.Debug|ARM.Deploy.0 = Debug|Any CPU
		{86C8EF3F-BBE4-47C1-B0E1-37F9EBB56E13}.Debug|iPhone.ActiveCfg = Debug|Any CPU
		{86C8EF3F-BBE4-47C1-B0E1-37F9EBB56E13}.Debug|iPhone.Build.0 = Debug|Any CPU
		{86C8EF3F-BBE4-47C1-B0E1-37F9EBB56E13}.Debug|iPhone.Deploy.0 = Debug|Any CPU
		{86C8EF3F-BBE4-47C1-B0E1-37F9EBB56E13}.Debug|iPhoneSimulator.ActiveCfg = Debug|Any CPU
		{86C8EF3F-BBE4-47C1-B0E1-37F9EBB56E13}.Debug|iPhoneSimulator.Build.0 = Debug|Any CPU
		{86C8EF3F-BBE4-47C1-B0E1-37F9EBB56E13}.Debug|iPhoneSimulator.Deploy.0 = Debug|Any CPU
		{86C8EF3F-BBE4-47C1-B0E1-37F9EBB56E13}.Debug|x64.ActiveCfg = Debug|Any CPU
		{86C8EF3F-BBE4-47C1-B0E1-37F9EBB56E13}.Debug|x64.Build.0 = Debug|Any CPU
		{86C8EF3F-BBE4-47C1-B0E1-37F9EBB56E13}.Debug|x64.Deploy.0 = Debug|Any CPU
		{86C8EF3F-BBE4-47C1-B0E1-37F9EBB56E13}.Debug|x86.ActiveCfg = Debug|Any CPU
		{86C8EF3F-BBE4-47C1-B0E1-37F9EBB56E13}.Debug|x86.Build.0 = Debug|Any CPU
		{86C8EF3F-BBE4-47C1-B0E1-37F9EBB56E13}.Debug|x86.Deploy.0 = Debug|Any CPU
		{86C8EF3F-BBE4-47C1-B0E1-37F9EBB56E13}.Release|Any CPU.ActiveCfg = Release|Any CPU
		{86C8EF3F-BBE4-47C1-B0E1-37F9EBB56E13}.Release|Any CPU.Build.0 = Release|Any CPU
		{86C8EF3F-BBE4-47C1-B0E1-37F9EBB56E13}.Release|Any CPU.Deploy.0 = Release|Any CPU
		{86C8EF3F-BBE4-47C1-B0E1-37F9EBB56E13}.Release|ARM.ActiveCfg = Release|Any CPU
		{86C8EF3F-BBE4-47C1-B0E1-37F9EBB56E13}.Release|ARM.Build.0 = Release|Any CPU
		{86C8EF3F-BBE4-47C1-B0E1-37F9EBB56E13}.Release|ARM.Deploy.0 = Release|Any CPU
		{86C8EF3F-BBE4-47C1-B0E1-37F9EBB56E13}.Release|iPhone.ActiveCfg = Release|Any CPU
		{86C8EF3F-BBE4-47C1-B0E1-37F9EBB56E13}.Release|iPhone.Build.0 = Release|Any CPU
		{86C8EF3F-BBE4-47C1-B0E1-37F9EBB56E13}.Release|iPhone.Deploy.0 = Release|Any CPU
		{86C8EF3F-BBE4-47C1-B0E1-37F9EBB56E13}.Release|iPhoneSimulator.ActiveCfg = Release|Any CPU
		{86C8EF3F-BBE4-47C1-B0E1-37F9EBB56E13}.Release|iPhoneSimulator.Build.0 = Release|Any CPU
		{86C8EF3F-BBE4-47C1-B0E1-37F9EBB56E13}.Release|iPhoneSimulator.Deploy.0 = Release|Any CPU
		{86C8EF3F-BBE4-47C1-B0E1-37F9EBB56E13}.Release|x64.ActiveCfg = Release|Any CPU
		{86C8EF3F-BBE4-47C1-B0E1-37F9EBB56E13}.Release|x64.Build.0 = Release|Any CPU
		{86C8EF3F-BBE4-47C1-B0E1-37F9EBB56E13}.Release|x64.Deploy.0 = Release|Any CPU
		{86C8EF3F-BBE4-47C1-B0E1-37F9EBB56E13}.Release|x86.ActiveCfg = Release|Any CPU
		{86C8EF3F-BBE4-47C1-B0E1-37F9EBB56E13}.Release|x86.Build.0 = Release|Any CPU
		{86C8EF3F-BBE4-47C1-B0E1-37F9EBB56E13}.Release|x86.Deploy.0 = Release|Any CPU
		{E77257B9-11AE-4856-8702-EFBDC92ACA54}.Debug|Any CPU.ActiveCfg = Debug|iPhoneSimulator
		{E77257B9-11AE-4856-8702-EFBDC92ACA54}.Debug|ARM.ActiveCfg = Debug|iPhone
		{E77257B9-11AE-4856-8702-EFBDC92ACA54}.Debug|iPhone.ActiveCfg = Debug|iPhone
		{E77257B9-11AE-4856-8702-EFBDC92ACA54}.Debug|iPhone.Build.0 = Debug|iPhone
		{E77257B9-11AE-4856-8702-EFBDC92ACA54}.Debug|iPhoneSimulator.ActiveCfg = Debug|iPhoneSimulator
		{E77257B9-11AE-4856-8702-EFBDC92ACA54}.Debug|iPhoneSimulator.Build.0 = Debug|iPhoneSimulator
		{E77257B9-11AE-4856-8702-EFBDC92ACA54}.Debug|x64.ActiveCfg = Debug|iPhone
		{E77257B9-11AE-4856-8702-EFBDC92ACA54}.Debug|x86.ActiveCfg = Debug|iPhone
		{E77257B9-11AE-4856-8702-EFBDC92ACA54}.Release|Any CPU.ActiveCfg = Release|iPhoneSimulator
		{E77257B9-11AE-4856-8702-EFBDC92ACA54}.Release|ARM.ActiveCfg = Release|iPhone
		{E77257B9-11AE-4856-8702-EFBDC92ACA54}.Release|iPhone.ActiveCfg = Release|iPhone
		{E77257B9-11AE-4856-8702-EFBDC92ACA54}.Release|iPhone.Build.0 = Release|iPhone
		{E77257B9-11AE-4856-8702-EFBDC92ACA54}.Release|iPhoneSimulator.ActiveCfg = Release|iPhoneSimulator
		{E77257B9-11AE-4856-8702-EFBDC92ACA54}.Release|iPhoneSimulator.Build.0 = Release|iPhoneSimulator
		{E77257B9-11AE-4856-8702-EFBDC92ACA54}.Release|x64.ActiveCfg = Release|iPhone
		{E77257B9-11AE-4856-8702-EFBDC92ACA54}.Release|x86.ActiveCfg = Release|iPhone
		{FF3A9350-2D8C-4232-98A1-88318A077057}.Debug|Any CPU.ActiveCfg = Debug|x86
		{FF3A9350-2D8C-4232-98A1-88318A077057}.Debug|ARM.ActiveCfg = Debug|ARM
		{FF3A9350-2D8C-4232-98A1-88318A077057}.Debug|ARM.Build.0 = Debug|ARM
		{FF3A9350-2D8C-4232-98A1-88318A077057}.Debug|ARM.Deploy.0 = Debug|ARM
		{FF3A9350-2D8C-4232-98A1-88318A077057}.Debug|iPhone.ActiveCfg = Debug|x86
		{FF3A9350-2D8C-4232-98A1-88318A077057}.Debug|iPhoneSimulator.ActiveCfg = Debug|x86
		{FF3A9350-2D8C-4232-98A1-88318A077057}.Debug|x64.ActiveCfg = Debug|x64
		{FF3A9350-2D8C-4232-98A1-88318A077057}.Debug|x64.Build.0 = Debug|x64
		{FF3A9350-2D8C-4232-98A1-88318A077057}.Debug|x64.Deploy.0 = Debug|x64
		{FF3A9350-2D8C-4232-98A1-88318A077057}.Debug|x86.ActiveCfg = Debug|x86
		{FF3A9350-2D8C-4232-98A1-88318A077057}.Debug|x86.Build.0 = Debug|x86
		{FF3A9350-2D8C-4232-98A1-88318A077057}.Debug|x86.Deploy.0 = Debug|x86
		{FF3A9350-2D8C-4232-98A1-88318A077057}.Release|Any CPU.ActiveCfg = Release|x86
		{FF3A9350-2D8C-4232-98A1-88318A077057}.Release|ARM.ActiveCfg = Release|ARM
		{FF3A9350-2D8C-4232-98A1-88318A077057}.Release|ARM.Build.0 = Release|ARM
		{FF3A9350-2D8C-4232-98A1-88318A077057}.Release|ARM.Deploy.0 = Release|ARM
		{FF3A9350-2D8C-4232-98A1-88318A077057}.Release|iPhone.ActiveCfg = Release|x86
		{FF3A9350-2D8C-4232-98A1-88318A077057}.Release|iPhoneSimulator.ActiveCfg = Release|x86
		{FF3A9350-2D8C-4232-98A1-88318A077057}.Release|x64.ActiveCfg = Release|x64
		{FF3A9350-2D8C-4232-98A1-88318A077057}.Release|x64.Build.0 = Release|x64
		{FF3A9350-2D8C-4232-98A1-88318A077057}.Release|x64.Deploy.0 = Release|x64
		{FF3A9350-2D8C-4232-98A1-88318A077057}.Release|x86.ActiveCfg = Release|x86
		{FF3A9350-2D8C-4232-98A1-88318A077057}.Release|x86.Build.0 = Release|x86
		{FF3A9350-2D8C-4232-98A1-88318A077057}.Release|x86.Deploy.0 = Release|x86
		{08D6648A-7216-4622-B221-BC2E597EA343}.Debug|Any CPU.ActiveCfg = Debug|Any CPU
		{08D6648A-7216-4622-B221-BC2E597EA343}.Debug|Any CPU.Build.0 = Debug|Any CPU
		{08D6648A-7216-4622-B221-BC2E597EA343}.Debug|ARM.ActiveCfg = Debug|Any CPU
		{08D6648A-7216-4622-B221-BC2E597EA343}.Debug|ARM.Build.0 = Debug|Any CPU
		{08D6648A-7216-4622-B221-BC2E597EA343}.Debug|iPhone.ActiveCfg = Debug|Any CPU
		{08D6648A-7216-4622-B221-BC2E597EA343}.Debug|iPhone.Build.0 = Debug|Any CPU
		{08D6648A-7216-4622-B221-BC2E597EA343}.Debug|iPhoneSimulator.ActiveCfg = Debug|Any CPU
		{08D6648A-7216-4622-B221-BC2E597EA343}.Debug|iPhoneSimulator.Build.0 = Debug|Any CPU
		{08D6648A-7216-4622-B221-BC2E597EA343}.Debug|x64.ActiveCfg = Debug|Any CPU
		{08D6648A-7216-4622-B221-BC2E597EA343}.Debug|x64.Build.0 = Debug|Any CPU
		{08D6648A-7216-4622-B221-BC2E597EA343}.Debug|x86.ActiveCfg = Debug|Any CPU
		{08D6648A-7216-4622-B221-BC2E597EA343}.Debug|x86.Build.0 = Debug|Any CPU
		{08D6648A-7216-4622-B221-BC2E597EA343}.Release|Any CPU.ActiveCfg = Release|Any CPU
		{08D6648A-7216-4622-B221-BC2E597EA343}.Release|Any CPU.Build.0 = Release|Any CPU
		{08D6648A-7216-4622-B221-BC2E597EA343}.Release|ARM.ActiveCfg = Release|Any CPU
		{08D6648A-7216-4622-B221-BC2E597EA343}.Release|ARM.Build.0 = Release|Any CPU
		{08D6648A-7216-4622-B221-BC2E597EA343}.Release|iPhone.ActiveCfg = Release|Any CPU
		{08D6648A-7216-4622-B221-BC2E597EA343}.Release|iPhone.Build.0 = Release|Any CPU
		{08D6648A-7216-4622-B221-BC2E597EA343}.Release|iPhoneSimulator.ActiveCfg = Release|Any CPU
		{08D6648A-7216-4622-B221-BC2E597EA343}.Release|iPhoneSimulator.Build.0 = Release|Any CPU
		{08D6648A-7216-4622-B221-BC2E597EA343}.Release|x64.ActiveCfg = Release|Any CPU
		{08D6648A-7216-4622-B221-BC2E597EA343}.Release|x64.Build.0 = Release|Any CPU
		{08D6648A-7216-4622-B221-BC2E597EA343}.Release|x86.ActiveCfg = Release|Any CPU
		{08D6648A-7216-4622-B221-BC2E597EA343}.Release|x86.Build.0 = Release|Any CPU
	EndGlobalSection
	GlobalSection(SolutionProperties) = preSolution
		HideSolutionNode = FALSE
	EndGlobalSection
	GlobalSection(ExtensibilityGlobals) = postSolution
		SolutionGuid = {AFEDFE97-35AC-4D60-9FBF-1072EA1E9FE6}
	EndGlobalSection
EndGlobal
